
Microsoft Visual Studio Solution File, Format Version 12.00
# Visual Studio Version 16
VisualStudioVersion = 16.0.31410.357
MinimumVisualStudioVersion = 10.0.40219.1
Project("{FAE04EC0-301F-11D3-BF4B-00C04F79EFBC}") = "ToolGIt", "ToolGIt\ToolGIt.csproj", "{536C149B-2853-4774-9AB5-E8E4DBDBE813}"
EndProject
Global
	GlobalSection(SolutionConfigurationPlatforms) = preSolution
		Debug|Any CPU = Debug|Any CPU
		Release|Any CPU = Release|Any CPU
	EndGlobalSection
	GlobalSection(ProjectConfigurationPlatforms) = postSolution
		{536C149B-2853-4774-9AB5-E8E4DBDBE813}.Debug|Any CPU.ActiveCfg = Debug|Any CPU
		{536C149B-2853-4774-9AB5-E8E4DBDBE813}.Debug|Any CPU.Build.0 = Debug|Any CPU
		{536C149B-2853-4774-9AB5-E8E4DBDBE813}.Release|Any CPU.ActiveCfg = Release|Any CPU
		{536C149B-2853-4774-9AB5-E8E4DBDBE813}.Release|Any CPU.Build.0 = Release|Any CPU
	EndGlobalSection
	GlobalSection(SolutionProperties) = preSolution
		HideSolutionNode = FALSE
	EndGlobalSection
	GlobalSection(ExtensibilityGlobals) = postSolution
		SolutionGuid = {D7377425-8D98-4599-81D1-9E693B36D0B1}
	EndGlobalSection
EndGlobal
